
Microsoft Visual Studio Solution File, Format Version 12.00
# Visual Studio Version 17
VisualStudioVersion = 17.11.35303.130
MinimumVisualStudioVersion = 10.0.40219.1
Project("{8BC9CEB8-8B4A-11D0-8D11-00A0C91BC942}") = "Drill", "Drill\Drill.vcxproj", "{462F25B0-92B0-4C08-A237-96BBEFDE7942}"
EndProject
Project("{8BC9CEB8-8B4A-11D0-8D11-00A0C91BC942}") = "Exercise_02", "Exercise_02\Exercise_02.vcxproj", "{126E1D9A-5D13-4422-BEEE-C8A4552816A8}"
EndProject
Project("{8BC9CEB8-8B4A-11D0-8D11-00A0C91BC942}") = "Exercise_03", "Exercise_03\Exercise_03.vcxproj", "{6CA8C14A-6B5D-49C2-82EA-273B43E6C0B6}"
EndProject
Project("{8BC9CEB8-8B4A-11D0-8D11-00A0C91BC942}") = "Exercise_04", "Exercise_04\Exercise_04.vcxproj", "{D270826F-8934-433B-9739-AB404EB946B2}"
EndProject
Project("{8BC9CEB8-8B4A-11D0-8D11-00A0C91BC942}") = "Exercise_05", "Exercise_05\Exercise_05.vcxproj", "{BC6BC1F4-759C-49C7-B16F-00F6F828089B}"
EndProject
Project("{8BC9CEB8-8B4A-11D0-8D11-00A0C91BC942}") = "Exercise_06", "Exercise_06\Exercise_06.vcxproj", "{AAFADE5D-E8E5-4D31-BEAF-1FBABB4F06F0}"
EndProject
Project("{8BC9CEB8-8B4A-11D0-8D11-00A0C91BC942}") = "Exercise_07", "Exercise_07\Exercise_07.vcxproj", "{C15C58F8-E3DB-49A8-97C5-756EC418C18E}"
EndProject
Project("{8BC9CEB8-8B4A-11D0-8D11-00A0C91BC942}") = "Exercise_08", "Exercise_08\Exercise_08.vcxproj", "{76229C26-C222-46B2-B45C-46546536C5A6}"
EndProject
Project("{8BC9CEB8-8B4A-11D0-8D11-00A0C91BC942}") = "Exercise_09", "Exercise_09\Exercise_09.vcxproj", "{0DF059AD-CE24-4CE7-B89D-160DDD1A13FB}"
EndProject
Project("{8BC9CEB8-8B4A-11D0-8D11-00A0C91BC942}") = "Exercise_10", "Exercise_10\Exercise_10.vcxproj", "{A58EE9B3-171B-413C-9C24-1C82109B5191}"
EndProject
Global
	GlobalSection(SolutionConfigurationPlatforms) = preSolution
		Debug|x64 = Debug|x64
		Debug|x86 = Debug|x86
		Release|x64 = Release|x64
		Release|x86 = Release|x86
	EndGlobalSection
	GlobalSection(ProjectConfigurationPlatforms) = postSolution
		{462F25B0-92B0-4C08-A237-96BBEFDE7942}.Debug|x64.ActiveCfg = Debug|x64
		{462F25B0-92B0-4C08-A237-96BBEFDE7942}.Debug|x64.Build.0 = Debug|x64
		{462F25B0-92B0-4C08-A237-96BBEFDE7942}.Debug|x86.ActiveCfg = Debug|Win32
		{462F25B0-92B0-4C08-A237-96BBEFDE7942}.Debug|x86.Build.0 = Debug|Win32
		{462F25B0-92B0-4C08-A237-96BBEFDE7942}.Release|x64.ActiveCfg = Release|x64
		{462F25B0-92B0-4C08-A237-96BBEFDE7942}.Release|x64.Build.0 = Release|x64
		{462F25B0-92B0-4C08-A237-96BBEFDE7942}.Release|x86.ActiveCfg = Release|Win32
		{462F25B0-92B0-4C08-A237-96BBEFDE7942}.Release|x86.Build.0 = Release|Win32
		{126E1D9A-5D13-4422-BEEE-C8A4552816A8}.Debug|x64.ActiveCfg = Debug|x64
		{126E1D9A-5D13-4422-BEEE-C8A4552816A8}.Debug|x64.Build.0 = Debug|x64
		{126E1D9A-5D13-4422-BEEE-C8A4552816A8}.Debug|x86.ActiveCfg = Debug|Win32
		{126E1D9A-5D13-4422-BEEE-C8A4552816A8}.Debug|x86.Build.0 = Debug|Win32
		{126E1D9A-5D13-4422-BEEE-C8A4552816A8}.Release|x64.ActiveCfg = Release|x64
		{126E1D9A-5D13-4422-BEEE-C8A4552816A8}.Release|x64.Build.0 = Release|x64
		{126E1D9A-5D13-4422-BEEE-C8A4552816A8}.Release|x86.ActiveCfg = Release|Win32
		{126E1D9A-5D13-4422-BEEE-C8A4552816A8}.Release|x86.Build.0 = Release|Win32
		{6CA8C14A-6B5D-49C2-82EA-273B43E6C0B6}.Debug|x64.ActiveCfg = Debug|x64
		{6CA8C14A-6B5D-49C2-82EA-273B43E6C0B6}.Debug|x64.Build.0 = Debug|x64
		{6CA8C14A-6B5D-49C2-82EA-273B43E6C0B6}.Debug|x86.ActiveCfg = Debug|Win32
		{6CA8C14A-6B5D-49C2-82EA-273B43E6C0B6}.Debug|x86.Build.0 = Debug|Win32
		{6CA8C14A-6B5D-49C2-82EA-273B43E6C0B6}.Release|x64.ActiveCfg = Release|x64
		{6CA8C14A-6B5D-49C2-82EA-273B43E6C0B6}.Release|x64.Build.0 = Release|x64
		{6CA8C14A-6B5D-49C2-82EA-273B43E6C0B6}.Release|x86.ActiveCfg = Release|Win32
		{6CA8C14A-6B5D-49C2-82EA-273B43E6C0B6}.Release|x86.Build.0 = Release|Win32
		{D270826F-8934-433B-9739-AB404EB946B2}.Debug|x64.ActiveCfg = Debug|x64
		{D270826F-8934-433B-9739-AB404EB946B2}.Debug|x64.Build.0 = Debug|x64
		{D270826F-8934-433B-9739-AB404EB946B2}.Debug|x86.ActiveCfg = Debug|Win32
		{D270826F-8934-433B-9739-AB404EB946B2}.Debug|x86.Build.0 = Debug|Win32
		{D270826F-8934-433B-9739-AB404EB946B2}.Release|x64.ActiveCfg = Release|x64
		{D270826F-8934-433B-9739-AB404EB946B2}.Release|x64.Build.0 = Release|x64
		{D270826F-8934-433B-9739-AB404EB946B2}.Release|x86.ActiveCfg = Release|Win32
		{D270826F-8934-433B-9739-AB404EB946B2}.Release|x86.Build.0 = Release|Win32
		{BC6BC1F4-759C-49C7-B16F-00F6F828089B}.Debug|x64.ActiveCfg = Debug|x64
		{BC6BC1F4-759C-49C7-B16F-00F6F828089B}.Debug|x64.Build.0 = Debug|x64
		{BC6BC1F4-759C-49C7-B16F-00F6F828089B}.Debug|x86.ActiveCfg = Debug|Win32
		{BC6BC1F4-759C-49C7-B16F-00F6F828089B}.Debug|x86.Build.0 = Debug|Win32
		{BC6BC1F4-759C-49C7-B16F-00F6F828089B}.Release|x64.ActiveCfg = Release|x64
		{BC6BC1F4-759C-49C7-B16F-00F6F828089B}.Release|x64.Build.0 = Release|x64
		{BC6BC1F4-759C-49C7-B16F-00F6F828089B}.Release|x86.ActiveCfg = Release|Win32
		{BC6BC1F4-759C-49C7-B16F-00F6F828089B}.Release|x86.Build.0 = Release|Win32
		{AAFADE5D-E8E5-4D31-BEAF-1FBABB4F06F0}.Debug|x64.ActiveCfg = Debug|x64
		{AAFADE5D-E8E5-4D31-BEAF-1FBABB4F06F0}.Debug|x64.Build.0 = Debug|x64
		{AAFADE5D-E8E5-4D31-BEAF-1FBABB4F06F0}.Debug|x86.ActiveCfg = Debug|Win32
		{AAFADE5D-E8E5-4D31-BEAF-1FBABB4F06F0}.Debug|x86.Build.0 = Debug|Win32
		{AAFADE5D-E8E5-4D31-BEAF-1FBABB4F06F0}.Release|x64.ActiveCfg = Release|x64
		{AAFADE5D-E8E5-4D31-BEAF-1FBABB4F06F0}.Release|x64.Build.0 = Release|x64
		{AAFADE5D-E8E5-4D31-BEAF-1FBABB4F06F0}.Release|x86.ActiveCfg = Release|Win32
		{AAFADE5D-E8E5-4D31-BEAF-1FBABB4F06F0}.Release|x86.Build.0 = Release|Win32
		{C15C58F8-E3DB-49A8-97C5-756EC418C18E}.Debug|x64.ActiveCfg = Debug|x64
		{C15C58F8-E3DB-49A8-97C5-756EC418C18E}.Debug|x64.Build.0 = Debug|x64
		{C15C58F8-E3DB-49A8-97C5-756EC418C18E}.Debug|x86.ActiveCfg = Debug|Win32
		{C15C58F8-E3DB-49A8-97C5-756EC418C18E}.Debug|x86.Build.0 = Debug|Win32
		{C15C58F8-E3DB-49A8-97C5-756EC418C18E}.Release|x64.ActiveCfg = Release|x64
		{C15C58F8-E3DB-49A8-97C5-756EC418C18E}.Release|x64.Build.0 = Release|x64
		{C15C58F8-E3DB-49A8-97C5-756EC418C18E}.Release|x86.ActiveCfg = Release|Win32
		{C15C58F8-E3DB-49A8-97C5-756EC418C18E}.Release|x86.Build.0 = Release|Win32
		{76229C26-C222-46B2-B45C-46546536C5A6}.Debug|x64.ActiveCfg = Debug|x64
		{76229C26-C222-46B2-B45C-46546536C5A6}.Debug|x64.Build.0 = Debug|x64
		{76229C26-C222-46B2-B45C-46546536C5A6}.Debug|x86.ActiveCfg = Debug|Win32
		{76229C26-C222-46B2-B45C-46546536C5A6}.Debug|x86.Build.0 = Debug|Win32
		{76229C26-C222-46B2-B45C-46546536C5A6}.Release|x64.ActiveCfg = Release|x64
		{76229C26-C222-46B2-B45C-46546536C5A6}.Release|x64.Build.0 = Release|x64
		{76229C26-C222-46B2-B45C-46546536C5A6}.Release|x86.ActiveCfg = Release|Win32
		{76229C26-C222-46B2-B45C-46546536C5A6}.Release|x86.Build.0 = Release|Win32
		{0DF059AD-CE24-4CE7-B89D-160DDD1A13FB}.Debug|x64.ActiveCfg = Debug|x64
		{0DF059AD-CE24-4CE7-B89D-160DDD1A13FB}.Debug|x64.Build.0 = Debug|x64
		{0DF059AD-CE24-4CE7-B89D-160DDD1A13FB}.Debug|x86.ActiveCfg = Debug|Win32
		{0DF059AD-CE24-4CE7-B89D-160DDD1A13FB}.Debug|x86.Build.0 = Debug|Win32
		{0DF059AD-CE24-4CE7-B89D-160DDD1A13FB}.Release|x64.ActiveCfg = Release|x64
		{0DF059AD-CE24-4CE7-B89D-160DDD1A13FB}.Release|x64.Build.0 = Release|x64
		{0DF059AD-CE24-4CE7-B89D-160DDD1A13FB}.Release|x86.ActiveCfg = Release|Win32
		{0DF059AD-CE24-4CE7-B89D-160DDD1A13FB}.Release|x86.Build.0 = Release|Win32
		{A58EE9B3-171B-413C-9C24-1C82109B5191}.Debug|x64.ActiveCfg = Debug|x64
		{A58EE9B3-171B-413C-9C24-1C82109B5191}.Debug|x64.Build.0 = Debug|x64
		{A58EE9B3-171B-413C-9C24-1C82109B5191}.Debug|x86.ActiveCfg = Debug|Win32
		{A58EE9B3-171B-413C-9C24-1C82109B5191}.Debug|x86.Build.0 = Debug|Win32
		{A58EE9B3-171B-413C-9C24-1C82109B5191}.Release|x64.ActiveCfg = Release|x64
		{A58EE9B3-171B-413C-9C24-1C82109B5191}.Release|x64.Build.0 = Release|x64
		{A58EE9B3-171B-413C-9C24-1C82109B5191}.Release|x86.ActiveCfg = Release|Win32
		{A58EE9B3-171B-413C-9C24-1C82109B5191}.Release|x86.Build.0 = Release|Win32
	EndGlobalSection
	GlobalSection(SolutionProperties) = preSolution
		HideSolutionNode = FALSE
	EndGlobalSection
	GlobalSection(ExtensibilityGlobals) = postSolution
		SolutionGuid = {5D72052A-1818-420A-AF84-CBF69A4B358E}
	EndGlobalSection
EndGlobal
